// !$*UTF8*$!
{
	archiveVersion = 1;
	classes = {
	};
	objectVersion = 55;
	objects = {

/* Begin PBXBuildFile section */
		32C865EDD00AFD338FE9C30A /* Pods_MuscleTrainingCounter__iOS_.framework in Frameworks */ = {isa = PBXBuildFile; fileRef = B71E29E4FAC4455645A78B8D /* Pods_MuscleTrainingCounter__iOS_.framework */; };
		4B1280FA27D5F129000890E2 /* SwiftUICharts in Frameworks */ = {isa = PBXBuildFile; productRef = 4B1280F927D5F129000890E2 /* SwiftUICharts */; };
		4B2FE2D027D8A432007B77E6 /* TutorialView.swift in Sources */ = {isa = PBXBuildFile; fileRef = 4B2FE2CF27D8A432007B77E6 /* TutorialView.swift */; };
		4B2FE2D127D8A432007B77E6 /* TutorialView.swift in Sources */ = {isa = PBXBuildFile; fileRef = 4B2FE2CF27D8A432007B77E6 /* TutorialView.swift */; };
		4B2FE2D327D8B86C007B77E6 /* AirpodsSettingTutorialView.swift in Sources */ = {isa = PBXBuildFile; fileRef = 4B2FE2D227D8B86C007B77E6 /* AirpodsSettingTutorialView.swift */; };
		4B2FE2D427D8B86C007B77E6 /* AirpodsSettingTutorialView.swift in Sources */ = {isa = PBXBuildFile; fileRef = 4B2FE2D227D8B86C007B77E6 /* AirpodsSettingTutorialView.swift */; };
		4B2FE2D627D8BD4D007B77E6 /* CompleteTutorialView.swift in Sources */ = {isa = PBXBuildFile; fileRef = 4B2FE2D527D8BD4D007B77E6 /* CompleteTutorialView.swift */; };
		4B2FE2D727D8BD4D007B77E6 /* CompleteTutorialView.swift in Sources */ = {isa = PBXBuildFile; fileRef = 4B2FE2D527D8BD4D007B77E6 /* CompleteTutorialView.swift */; };
		4B508F7D27D66C83007B1EA8 /* PushUpsView.swift in Sources */ = {isa = PBXBuildFile; fileRef = 4B508F7C27D66C83007B1EA8 /* PushUpsView.swift */; };
		4B508F7E27D66C83007B1EA8 /* PushUpsView.swift in Sources */ = {isa = PBXBuildFile; fileRef = 4B508F7C27D66C83007B1EA8 /* PushUpsView.swift */; };
		4B508F8027D670C2007B1EA8 /* PushUpsViewController.swift in Sources */ = {isa = PBXBuildFile; fileRef = 4B508F7F27D670C1007B1EA8 /* PushUpsViewController.swift */; };
		4B508F8127D670C2007B1EA8 /* PushUpsViewController.swift in Sources */ = {isa = PBXBuildFile; fileRef = 4B508F7F27D670C1007B1EA8 /* PushUpsViewController.swift */; };
		4B700F2D2862F91F00B941CC /* MuscleTrainingCounterUITests.swift in Sources */ = {isa = PBXBuildFile; fileRef = 4B700F2C2862F91F00B941CC /* MuscleTrainingCounterUITests.swift */; };
		4B700F2F2862F91F00B941CC /* MuscleTrainingCounterUITestsLaunchTests.swift in Sources */ = {isa = PBXBuildFile; fileRef = 4B700F2E2862F91F00B941CC /* MuscleTrainingCounterUITestsLaunchTests.swift */; };
		4B8AC8232844D2F8003E9783 /* SitUpsCounterModel.swift in Sources */ = {isa = PBXBuildFile; fileRef = 4B8AC8222844D2F8003E9783 /* SitUpsCounterModel.swift */; };
		4B8AC8242844D2F8003E9783 /* SitUpsCounterModel.swift in Sources */ = {isa = PBXBuildFile; fileRef = 4B8AC8222844D2F8003E9783 /* SitUpsCounterModel.swift */; };
		4B8AC8262846EF69003E9783 /* PushUpsCounterModel.swift in Sources */ = {isa = PBXBuildFile; fileRef = 4B8AC8252846EF69003E9783 /* PushUpsCounterModel.swift */; };
		4B8AC8272846EF69003E9783 /* PushUpsCounterModel.swift in Sources */ = {isa = PBXBuildFile; fileRef = 4B8AC8252846EF69003E9783 /* PushUpsCounterModel.swift */; };
		4BA1D654286526CF00600E87 /* Tests_iOSLaunchTests.swift in Sources */ = {isa = PBXBuildFile; fileRef = 4BD50E7A27D3B180000A5A4F /* Tests_iOSLaunchTests.swift */; };
		4BA1D65C286527D400600E87 /* MuscleTrainingCounterTests.swift in Sources */ = {isa = PBXBuildFile; fileRef = 4BA1D65B286527D400600E87 /* MuscleTrainingCounterTests.swift */; };
		4BB2D10D2848965900E87ED7 /* SetUp.swift in Sources */ = {isa = PBXBuildFile; fileRef = 4BB2D10C2848965900E87ED7 /* SetUp.swift */; };
		4BB2D10E2848965900E87ED7 /* SetUp.swift in Sources */ = {isa = PBXBuildFile; fileRef = 4BB2D10C2848965900E87ED7 /* SetUp.swift */; };
		4BB2D11028489B0000E87ED7 /* SumGraphViewModel.swift in Sources */ = {isa = PBXBuildFile; fileRef = 4BB2D10F28489B0000E87ED7 /* SumGraphViewModel.swift */; };
		4BB2D11128489B0000E87ED7 /* SumGraphViewModel.swift in Sources */ = {isa = PBXBuildFile; fileRef = 4BB2D10F28489B0000E87ED7 /* SumGraphViewModel.swift */; };
		4BB2D1132848A8F700E87ED7 /* DotView.swift in Sources */ = {isa = PBXBuildFile; fileRef = 4BB2D1122848A8F700E87ED7 /* DotView.swift */; };
		4BB2D1142848A8F700E87ED7 /* DotView.swift in Sources */ = {isa = PBXBuildFile; fileRef = 4BB2D1122848A8F700E87ED7 /* DotView.swift */; };
		4BD50E7927D3B180000A5A4F /* Tests_iOS.swift in Sources */ = {isa = PBXBuildFile; fileRef = 4BD50E7827D3B180000A5A4F /* Tests_iOS.swift */; };
		4BD50E8527D3B180000A5A4F /* Tests_macOS.swift in Sources */ = {isa = PBXBuildFile; fileRef = 4BD50E8427D3B180000A5A4F /* Tests_macOS.swift */; };
		4BD50E8727D3B180000A5A4F /* Tests_macOSLaunchTests.swift in Sources */ = {isa = PBXBuildFile; fileRef = 4BD50E8627D3B180000A5A4F /* Tests_macOSLaunchTests.swift */; };
		4BD50E8827D3B180000A5A4F /* MuscleTrainingCounterApp.swift in Sources */ = {isa = PBXBuildFile; fileRef = 4BD50E6027D3B17E000A5A4F /* MuscleTrainingCounterApp.swift */; };
		4BD50E8927D3B180000A5A4F /* MuscleTrainingCounterApp.swift in Sources */ = {isa = PBXBuildFile; fileRef = 4BD50E6027D3B17E000A5A4F /* MuscleTrainingCounterApp.swift */; };
		4BD50E8A27D3B180000A5A4F /* ContentView.swift in Sources */ = {isa = PBXBuildFile; fileRef = 4BD50E6127D3B17E000A5A4F /* ContentView.swift */; };
		4BD50E8B27D3B180000A5A4F /* ContentView.swift in Sources */ = {isa = PBXBuildFile; fileRef = 4BD50E6127D3B17E000A5A4F /* ContentView.swift */; };
		4BD50E8C27D3B180000A5A4F /* Assets.xcassets in Resources */ = {isa = PBXBuildFile; fileRef = 4BD50E6227D3B180000A5A4F /* Assets.xcassets */; };
		4BD50E8D27D3B180000A5A4F /* Assets.xcassets in Resources */ = {isa = PBXBuildFile; fileRef = 4BD50E6227D3B180000A5A4F /* Assets.xcassets */; };
		4BD50E9D27D3B2D3000A5A4F /* SitUpsViewController.swift in Sources */ = {isa = PBXBuildFile; fileRef = 4BD50E9C27D3B2D3000A5A4F /* SitUpsViewController.swift */; };
		4BD50E9E27D3B2D3000A5A4F /* SitUpsViewController.swift in Sources */ = {isa = PBXBuildFile; fileRef = 4BD50E9C27D3B2D3000A5A4F /* SitUpsViewController.swift */; };
		4BD50EA027D4A002000A5A4F /* SitUpsView.swift in Sources */ = {isa = PBXBuildFile; fileRef = 4BD50E9F27D4A002000A5A4F /* SitUpsView.swift */; };
		4BD50EA127D4A002000A5A4F /* SitUpsView.swift in Sources */ = {isa = PBXBuildFile; fileRef = 4BD50E9F27D4A002000A5A4F /* SitUpsView.swift */; };
		4BD50EA327D4A505000A5A4F /* SumGraphView.swift in Sources */ = {isa = PBXBuildFile; fileRef = 4BD50EA227D4A505000A5A4F /* SumGraphView.swift */; };
		4BD50EA427D4A505000A5A4F /* SumGraphView.swift in Sources */ = {isa = PBXBuildFile; fileRef = 4BD50EA227D4A505000A5A4F /* SumGraphView.swift */; };
		4BE3A47227F8383100C32B42 /* BannerAd.swift in Sources */ = {isa = PBXBuildFile; fileRef = 4BE3A47127F8383100C32B42 /* BannerAd.swift */; };
		4BE3A47327F8383100C32B42 /* BannerAd.swift in Sources */ = {isa = PBXBuildFile; fileRef = 4BE3A47127F8383100C32B42 /* BannerAd.swift */; };
		A9902CA531F9FEF854B33B01 /* Pods_MuscleTrainingCounter__macOS_.framework in Frameworks */ = {isa = PBXBuildFile; fileRef = 4022ED2780B100313600DE2B /* Pods_MuscleTrainingCounter__macOS_.framework */; };
/* End PBXBuildFile section */

/* Begin PBXContainerItemProxy section */
		4B700F302862F91F00B941CC /* PBXContainerItemProxy */ = {
			isa = PBXContainerItemProxy;
			containerPortal = 4BD50E5B27D3B17D000A5A4F /* Project object */;
			proxyType = 1;
			remoteGlobalIDString = 4BD50E6627D3B180000A5A4F;
			remoteInfo = "MuscleTrainingCounter (iOS)";
		};
		4BA1D65D286527D400600E87 /* PBXContainerItemProxy */ = {
			isa = PBXContainerItemProxy;
			containerPortal = 4BD50E5B27D3B17D000A5A4F /* Project object */;
			proxyType = 1;
			remoteGlobalIDString = 4BD50E6627D3B180000A5A4F;
			remoteInfo = "MuscleTrainingCounter (iOS)";
		};
		4BA1D670286528D400600E87 /* PBXContainerItemProxy */ = {
			isa = PBXContainerItemProxy;
			containerPortal = 4BD50E5B27D3B17D000A5A4F /* Project object */;
			proxyType = 1;
			remoteGlobalIDString = 4BD50E6C27D3B180000A5A4F;
			remoteInfo = "MuscleTrainingCounter (macOS)";
		};
		4BD50E7527D3B180000A5A4F /* PBXContainerItemProxy */ = {
			isa = PBXContainerItemProxy;
			containerPortal = 4BD50E5B27D3B17D000A5A4F /* Project object */;
			proxyType = 1;
			remoteGlobalIDString = 4BD50E6627D3B180000A5A4F;
			remoteInfo = "MuscleTrainingCounter (iOS)";
		};
		4BD50E8127D3B180000A5A4F /* PBXContainerItemProxy */ = {
			isa = PBXContainerItemProxy;
			containerPortal = 4BD50E5B27D3B17D000A5A4F /* Project object */;
			proxyType = 1;
			remoteGlobalIDString = 4BD50E6C27D3B180000A5A4F;
			remoteInfo = "MuscleTrainingCounter (macOS)";
		};
/* End PBXContainerItemProxy section */

/* Begin PBXFileReference section */
		20F2CFEBC7C3C22837C0A680 /* Pods-MuscleTrainingCounter (iOS).debug.xcconfig */ = {isa = PBXFileReference; includeInIndex = 1; lastKnownFileType = text.xcconfig; name = "Pods-MuscleTrainingCounter (iOS).debug.xcconfig"; path = "Target Support Files/Pods-MuscleTrainingCounter (iOS)/Pods-MuscleTrainingCounter (iOS).debug.xcconfig"; sourceTree = "<group>"; };
		4022ED2780B100313600DE2B /* Pods_MuscleTrainingCounter__macOS_.framework */ = {isa = PBXFileReference; explicitFileType = wrapper.framework; includeInIndex = 0; path = Pods_MuscleTrainingCounter__macOS_.framework; sourceTree = BUILT_PRODUCTS_DIR; };
		4B2FE2CF27D8A432007B77E6 /* TutorialView.swift */ = {isa = PBXFileReference; lastKnownFileType = sourcecode.swift; path = TutorialView.swift; sourceTree = "<group>"; };
		4B2FE2D227D8B86C007B77E6 /* AirpodsSettingTutorialView.swift */ = {isa = PBXFileReference; lastKnownFileType = sourcecode.swift; path = AirpodsSettingTutorialView.swift; sourceTree = "<group>"; };
		4B2FE2D527D8BD4D007B77E6 /* CompleteTutorialView.swift */ = {isa = PBXFileReference; lastKnownFileType = sourcecode.swift; path = CompleteTutorialView.swift; sourceTree = "<group>"; };
		4B508F7C27D66C83007B1EA8 /* PushUpsView.swift */ = {isa = PBXFileReference; lastKnownFileType = sourcecode.swift; path = PushUpsView.swift; sourceTree = "<group>"; };
		4B508F7F27D670C1007B1EA8 /* PushUpsViewController.swift */ = {isa = PBXFileReference; lastKnownFileType = sourcecode.swift; path = PushUpsViewController.swift; sourceTree = "<group>"; };
		4B700F2A2862F91E00B941CC /* MuscleTrainingCounterUITests.xctest */ = {isa = PBXFileReference; explicitFileType = wrapper.cfbundle; includeInIndex = 0; path = MuscleTrainingCounterUITests.xctest; sourceTree = BUILT_PRODUCTS_DIR; };
		4B700F2C2862F91F00B941CC /* MuscleTrainingCounterUITests.swift */ = {isa = PBXFileReference; lastKnownFileType = sourcecode.swift; path = MuscleTrainingCounterUITests.swift; sourceTree = "<group>"; };
		4B700F2E2862F91F00B941CC /* MuscleTrainingCounterUITestsLaunchTests.swift */ = {isa = PBXFileReference; lastKnownFileType = sourcecode.swift; path = MuscleTrainingCounterUITestsLaunchTests.swift; sourceTree = "<group>"; };
		4B8AC8222844D2F8003E9783 /* SitUpsCounterModel.swift */ = {isa = PBXFileReference; lastKnownFileType = sourcecode.swift; path = SitUpsCounterModel.swift; sourceTree = "<group>"; };
		4B8AC8252846EF69003E9783 /* PushUpsCounterModel.swift */ = {isa = PBXFileReference; lastKnownFileType = sourcecode.swift; path = PushUpsCounterModel.swift; sourceTree = "<group>"; };
		4BA1D64C2865258100600E87 /* MuscleTrainingCounterTests.swift */ = {isa = PBXFileReference; lastKnownFileType = sourcecode.swift; path = MuscleTrainingCounterTests.swift; sourceTree = "<group>"; };
		4BA1D659286527D400600E87 /* MuscleTrainingCounterTests.xctest */ = {isa = PBXFileReference; explicitFileType = wrapper.cfbundle; includeInIndex = 0; path = MuscleTrainingCounterTests.xctest; sourceTree = BUILT_PRODUCTS_DIR; };
		4BA1D65B286527D400600E87 /* MuscleTrainingCounterTests.swift */ = {isa = PBXFileReference; lastKnownFileType = sourcecode.swift; path = MuscleTrainingCounterTests.swift; sourceTree = "<group>"; };
		4BB2D10C2848965900E87ED7 /* SetUp.swift */ = {isa = PBXFileReference; lastKnownFileType = sourcecode.swift; path = SetUp.swift; sourceTree = "<group>"; };
		4BB2D10F28489B0000E87ED7 /* SumGraphViewModel.swift */ = {isa = PBXFileReference; lastKnownFileType = sourcecode.swift; path = SumGraphViewModel.swift; sourceTree = "<group>"; };
		4BB2D1122848A8F700E87ED7 /* DotView.swift */ = {isa = PBXFileReference; lastKnownFileType = sourcecode.swift; path = DotView.swift; sourceTree = "<group>"; };
		4BD50E6027D3B17E000A5A4F /* MuscleTrainingCounterApp.swift */ = {isa = PBXFileReference; lastKnownFileType = sourcecode.swift; path = MuscleTrainingCounterApp.swift; sourceTree = "<group>"; };
		4BD50E6127D3B17E000A5A4F /* ContentView.swift */ = {isa = PBXFileReference; lastKnownFileType = sourcecode.swift; path = ContentView.swift; sourceTree = "<group>"; };
		4BD50E6227D3B180000A5A4F /* Assets.xcassets */ = {isa = PBXFileReference; lastKnownFileType = folder.assetcatalog; path = Assets.xcassets; sourceTree = "<group>"; };
		4BD50E6727D3B180000A5A4F /* MuscleTrainingCounter.app */ = {isa = PBXFileReference; explicitFileType = wrapper.application; includeInIndex = 0; path = MuscleTrainingCounter.app; sourceTree = BUILT_PRODUCTS_DIR; };
		4BD50E6D27D3B180000A5A4F /* MuscleTrainingCounter.app */ = {isa = PBXFileReference; explicitFileType = wrapper.application; includeInIndex = 0; path = MuscleTrainingCounter.app; sourceTree = BUILT_PRODUCTS_DIR; };
		4BD50E6F27D3B180000A5A4F /* macOS.entitlements */ = {isa = PBXFileReference; lastKnownFileType = text.plist.entitlements; path = macOS.entitlements; sourceTree = "<group>"; };
		4BD50E7427D3B180000A5A4F /* Tests iOS.xctest */ = {isa = PBXFileReference; explicitFileType = wrapper.cfbundle; includeInIndex = 0; path = "Tests iOS.xctest"; sourceTree = BUILT_PRODUCTS_DIR; };
		4BD50E7827D3B180000A5A4F /* Tests_iOS.swift */ = {isa = PBXFileReference; lastKnownFileType = sourcecode.swift; path = Tests_iOS.swift; sourceTree = "<group>"; };
		4BD50E7A27D3B180000A5A4F /* Tests_iOSLaunchTests.swift */ = {isa = PBXFileReference; lastKnownFileType = sourcecode.swift; path = Tests_iOSLaunchTests.swift; sourceTree = "<group>"; };
		4BD50E8027D3B180000A5A4F /* Tests macOS.xctest */ = {isa = PBXFileReference; explicitFileType = wrapper.cfbundle; includeInIndex = 0; path = "Tests macOS.xctest"; sourceTree = BUILT_PRODUCTS_DIR; };
		4BD50E8427D3B180000A5A4F /* Tests_macOS.swift */ = {isa = PBXFileReference; lastKnownFileType = sourcecode.swift; path = Tests_macOS.swift; sourceTree = "<group>"; };
		4BD50E8627D3B180000A5A4F /* Tests_macOSLaunchTests.swift */ = {isa = PBXFileReference; lastKnownFileType = sourcecode.swift; path = Tests_macOSLaunchTests.swift; sourceTree = "<group>"; };
		4BD50E9C27D3B2D3000A5A4F /* SitUpsViewController.swift */ = {isa = PBXFileReference; lastKnownFileType = sourcecode.swift; path = SitUpsViewController.swift; sourceTree = "<group>"; };
		4BD50E9F27D4A002000A5A4F /* SitUpsView.swift */ = {isa = PBXFileReference; lastKnownFileType = sourcecode.swift; path = SitUpsView.swift; sourceTree = "<group>"; };
		4BD50EA227D4A505000A5A4F /* SumGraphView.swift */ = {isa = PBXFileReference; lastKnownFileType = sourcecode.swift; path = SumGraphView.swift; sourceTree = "<group>"; };
		4BE3A47027F835A400C32B42 /* MuscleTrainingCounter--iOS--Info.plist */ = {isa = PBXFileReference; lastKnownFileType = text.plist; path = "MuscleTrainingCounter--iOS--Info.plist"; sourceTree = "<group>"; };
		4BE3A47127F8383100C32B42 /* BannerAd.swift */ = {isa = PBXFileReference; lastKnownFileType = sourcecode.swift; path = BannerAd.swift; sourceTree = "<group>"; };
		B1C399156F0EB9D3D413E00E /* Pods-MuscleTrainingCounter (macOS).release.xcconfig */ = {isa = PBXFileReference; includeInIndex = 1; lastKnownFileType = text.xcconfig; name = "Pods-MuscleTrainingCounter (macOS).release.xcconfig"; path = "Target Support Files/Pods-MuscleTrainingCounter (macOS)/Pods-MuscleTrainingCounter (macOS).release.xcconfig"; sourceTree = "<group>"; };
		B22B4207655C4258948D173A /* Pods-MuscleTrainingCounter (iOS).release.xcconfig */ = {isa = PBXFileReference; includeInIndex = 1; lastKnownFileType = text.xcconfig; name = "Pods-MuscleTrainingCounter (iOS).release.xcconfig"; path = "Target Support Files/Pods-MuscleTrainingCounter (iOS)/Pods-MuscleTrainingCounter (iOS).release.xcconfig"; sourceTree = "<group>"; };
		B71E29E4FAC4455645A78B8D /* Pods_MuscleTrainingCounter__iOS_.framework */ = {isa = PBXFileReference; explicitFileType = wrapper.framework; includeInIndex = 0; path = Pods_MuscleTrainingCounter__iOS_.framework; sourceTree = BUILT_PRODUCTS_DIR; };
		D25792CA8FB6DB130D2EA36F /* Pods-MuscleTrainingCounter (macOS).debug.xcconfig */ = {isa = PBXFileReference; includeInIndex = 1; lastKnownFileType = text.xcconfig; name = "Pods-MuscleTrainingCounter (macOS).debug.xcconfig"; path = "Target Support Files/Pods-MuscleTrainingCounter (macOS)/Pods-MuscleTrainingCounter (macOS).debug.xcconfig"; sourceTree = "<group>"; };
/* End PBXFileReference section */

/* Begin PBXFrameworksBuildPhase section */
		4B700F272862F91E00B941CC /* Frameworks */ = {
			isa = PBXFrameworksBuildPhase;
			buildActionMask = 2147483647;
			files = (
			);
			runOnlyForDeploymentPostprocessing = 0;
		};
		4BA1D656286527D400600E87 /* Frameworks */ = {
			isa = PBXFrameworksBuildPhase;
			buildActionMask = 2147483647;
			files = (
			);
			runOnlyForDeploymentPostprocessing = 0;
		};
		4BD50E6427D3B180000A5A4F /* Frameworks */ = {
			isa = PBXFrameworksBuildPhase;
			buildActionMask = 2147483647;
			files = (
				4B1280FA27D5F129000890E2 /* SwiftUICharts in Frameworks */,
				32C865EDD00AFD338FE9C30A /* Pods_MuscleTrainingCounter__iOS_.framework in Frameworks */,
			);
			runOnlyForDeploymentPostprocessing = 0;
		};
		4BD50E6A27D3B180000A5A4F /* Frameworks */ = {
			isa = PBXFrameworksBuildPhase;
			buildActionMask = 2147483647;
			files = (
				A9902CA531F9FEF854B33B01 /* Pods_MuscleTrainingCounter__macOS_.framework in Frameworks */,
			);
			runOnlyForDeploymentPostprocessing = 0;
		};
		4BD50E7127D3B180000A5A4F /* Frameworks */ = {
			isa = PBXFrameworksBuildPhase;
			buildActionMask = 2147483647;
			files = (
			);
			runOnlyForDeploymentPostprocessing = 0;
		};
		4BD50E7D27D3B180000A5A4F /* Frameworks */ = {
			isa = PBXFrameworksBuildPhase;
			buildActionMask = 2147483647;
			files = (
			);
			runOnlyForDeploymentPostprocessing = 0;
		};
/* End PBXFrameworksBuildPhase section */

/* Begin PBXGroup section */
		247B3EF45A72C2ED8C4531C4 /* Frameworks */ = {
			isa = PBXGroup;
			children = (
				B71E29E4FAC4455645A78B8D /* Pods_MuscleTrainingCounter__iOS_.framework */,
				4022ED2780B100313600DE2B /* Pods_MuscleTrainingCounter__macOS_.framework */,
			);
			name = Frameworks;
			sourceTree = "<group>";
		};
		4B700F2B2862F91F00B941CC /* MuscleTrainingCounterUITests */ = {
			isa = PBXGroup;
			children = (
				4B700F2C2862F91F00B941CC /* MuscleTrainingCounterUITests.swift */,
				4B700F2E2862F91F00B941CC /* MuscleTrainingCounterUITestsLaunchTests.swift */,
			);
			path = MuscleTrainingCounterUITests;
			sourceTree = "<group>";
		};
		4B8AC7E72844A218003E9783 /* SitUpsView */ = {
			isa = PBXGroup;
			children = (
				4BD50E9C27D3B2D3000A5A4F /* SitUpsViewController.swift */,
				4BD50E9F27D4A002000A5A4F /* SitUpsView.swift */,
			);
			path = SitUpsView;
			sourceTree = "<group>";
		};
		4B8AC7E82844A24D003E9783 /* PushUpsView */ = {
			isa = PBXGroup;
			children = (
				4B508F7F27D670C1007B1EA8 /* PushUpsViewController.swift */,
				4B508F7C27D66C83007B1EA8 /* PushUpsView.swift */,
			);
			path = PushUpsView;
			sourceTree = "<group>";
		};
		4B93F9132832B7BB0076288F /* Tutorial */ = {
			isa = PBXGroup;
			children = (
				4B2FE2CF27D8A432007B77E6 /* TutorialView.swift */,
				4B2FE2D227D8B86C007B77E6 /* AirpodsSettingTutorialView.swift */,
				4B2FE2D527D8BD4D007B77E6 /* CompleteTutorialView.swift */,
			);
			path = Tutorial;
			sourceTree = "<group>";
		};
		4BA1D64B2865258100600E87 /* MuscleTrainingCounterTests */ = {
			isa = PBXGroup;
			children = (
				4BA1D64C2865258100600E87 /* MuscleTrainingCounterTests.swift */,
			);
			path = MuscleTrainingCounterTests;
			sourceTree = "<group>";
		};
		4BA1D65A286527D400600E87 /* MuscleTrainingCounterTests */ = {
			isa = PBXGroup;
			children = (
				4BA1D65B286527D400600E87 /* MuscleTrainingCounterTests.swift */,
			);
			path = MuscleTrainingCounterTests;
			sourceTree = "<group>";
		};
		4BD50E5A27D3B17D000A5A4F = {
			isa = PBXGroup;
			children = (
				4BE3A47027F835A400C32B42 /* MuscleTrainingCounter--iOS--Info.plist */,
				4BD50E5F27D3B17E000A5A4F /* Shared */,
				4BD50E6E27D3B180000A5A4F /* macOS */,
				4BD50E7727D3B180000A5A4F /* Tests iOS */,
				4BD50E8327D3B180000A5A4F /* Tests macOS */,
				4B700F2B2862F91F00B941CC /* MuscleTrainingCounterUITests */,
				4BA1D64B2865258100600E87 /* MuscleTrainingCounterTests */,
				4BA1D65A286527D400600E87 /* MuscleTrainingCounterTests */,
				4BD50E6827D3B180000A5A4F /* Products */,
				EF3C869B33191C03FDC9BFA4 /* Pods */,
				247B3EF45A72C2ED8C4531C4 /* Frameworks */,
			);
			sourceTree = "<group>";
		};
		4BD50E5F27D3B17E000A5A4F /* Shared */ = {
			isa = PBXGroup;
			children = (
				4BD50E6027D3B17E000A5A4F /* MuscleTrainingCounterApp.swift */,
				4BB2D10C2848965900E87ED7 /* SetUp.swift */,
				4BE3A47127F8383100C32B42 /* BannerAd.swift */,
				4BD50E6127D3B17E000A5A4F /* ContentView.swift */,
				4B93F9132832B7BB0076288F /* Tutorial */,
				4BB2D1122848A8F700E87ED7 /* DotView.swift */,
				4B8AC8222844D2F8003E9783 /* SitUpsCounterModel.swift */,
				4B8AC8252846EF69003E9783 /* PushUpsCounterModel.swift */,
				4B8AC7E72844A218003E9783 /* SitUpsView */,
				4B8AC7E82844A24D003E9783 /* PushUpsView */,
				4BB2D10F28489B0000E87ED7 /* SumGraphViewModel.swift */,
				4BD50EA227D4A505000A5A4F /* SumGraphView.swift */,
				4BD50E6227D3B180000A5A4F /* Assets.xcassets */,
			);
			path = Shared;
			sourceTree = "<group>";
		};
		4BD50E6827D3B180000A5A4F /* Products */ = {
			isa = PBXGroup;
			children = (
				4BD50E6727D3B180000A5A4F /* MuscleTrainingCounter.app */,
				4BD50E6D27D3B180000A5A4F /* MuscleTrainingCounter.app */,
				4BD50E7427D3B180000A5A4F /* Tests iOS.xctest */,
				4BD50E8027D3B180000A5A4F /* Tests macOS.xctest */,
				4B700F2A2862F91E00B941CC /* MuscleTrainingCounterUITests.xctest */,
				4BA1D659286527D400600E87 /* MuscleTrainingCounterTests.xctest */,
			);
			name = Products;
			sourceTree = "<group>";
		};
		4BD50E6E27D3B180000A5A4F /* macOS */ = {
			isa = PBXGroup;
			children = (
				4BD50E6F27D3B180000A5A4F /* macOS.entitlements */,
			);
			path = macOS;
			sourceTree = "<group>";
		};
		4BD50E7727D3B180000A5A4F /* Tests iOS */ = {
			isa = PBXGroup;
			children = (
				4BD50E7A27D3B180000A5A4F /* Tests_iOSLaunchTests.swift */,
				4BD50E7827D3B180000A5A4F /* Tests_iOS.swift */,
			);
			path = "Tests iOS";
			sourceTree = "<group>";
		};
		4BD50E8327D3B180000A5A4F /* Tests macOS */ = {
			isa = PBXGroup;
			children = (
				4BD50E8427D3B180000A5A4F /* Tests_macOS.swift */,
				4BD50E8627D3B180000A5A4F /* Tests_macOSLaunchTests.swift */,
			);
			path = "Tests macOS";
			sourceTree = "<group>";
		};
		EF3C869B33191C03FDC9BFA4 /* Pods */ = {
			isa = PBXGroup;
			children = (
				20F2CFEBC7C3C22837C0A680 /* Pods-MuscleTrainingCounter (iOS).debug.xcconfig */,
				B22B4207655C4258948D173A /* Pods-MuscleTrainingCounter (iOS).release.xcconfig */,
				D25792CA8FB6DB130D2EA36F /* Pods-MuscleTrainingCounter (macOS).debug.xcconfig */,
				B1C399156F0EB9D3D413E00E /* Pods-MuscleTrainingCounter (macOS).release.xcconfig */,
			);
			path = Pods;
			sourceTree = "<group>";
		};
/* End PBXGroup section */

/* Begin PBXNativeTarget section */
		4B700F292862F91E00B941CC /* MuscleTrainingCounterUITests */ = {
			isa = PBXNativeTarget;
			buildConfigurationList = 4B700F322862F91F00B941CC /* Build configuration list for PBXNativeTarget "MuscleTrainingCounterUITests" */;
			buildPhases = (
				4B700F262862F91E00B941CC /* Sources */,
				4B700F272862F91E00B941CC /* Frameworks */,
				4B700F282862F91E00B941CC /* Resources */,
			);
			buildRules = (
			);
			dependencies = (
				4B700F312862F91F00B941CC /* PBXTargetDependency */,
			);
			name = MuscleTrainingCounterUITests;
			productName = MuscleTrainingCounterUITests;
			productReference = 4B700F2A2862F91E00B941CC /* MuscleTrainingCounterUITests.xctest */;
			productType = "com.apple.product-type.bundle.ui-testing";
		};
		4BA1D658286527D400600E87 /* MuscleTrainingCounterTests */ = {
			isa = PBXNativeTarget;
			buildConfigurationList = 4BA1D65F286527D400600E87 /* Build configuration list for PBXNativeTarget "MuscleTrainingCounterTests" */;
			buildPhases = (
				4BA1D655286527D400600E87 /* Sources */,
				4BA1D656286527D400600E87 /* Frameworks */,
				4BA1D657286527D400600E87 /* Resources */,
			);
			buildRules = (
			);
			dependencies = (
				4BA1D65E286527D400600E87 /* PBXTargetDependency */,
				4BA1D671286528D400600E87 /* PBXTargetDependency */,
			);
			name = MuscleTrainingCounterTests;
			productName = MuscleTrainingCounterTests;
			productReference = 4BA1D659286527D400600E87 /* MuscleTrainingCounterTests.xctest */;
			productType = "com.apple.product-type.bundle.unit-test";
		};
		4BD50E6627D3B180000A5A4F /* MuscleTrainingCounter (iOS) */ = {
			isa = PBXNativeTarget;
			buildConfigurationList = 4BD50E9027D3B180000A5A4F /* Build configuration list for PBXNativeTarget "MuscleTrainingCounter (iOS)" */;
			buildPhases = (
				E3E9AC8A9D87554F866550AF /* [CP] Check Pods Manifest.lock */,
				4BD50E6327D3B180000A5A4F /* Sources */,
				4BD50E6427D3B180000A5A4F /* Frameworks */,
				4BD50E6527D3B180000A5A4F /* Resources */,
				B69154868C668D6B0A022739 /* [CP] Embed Pods Frameworks */,
			);
			buildRules = (
			);
			dependencies = (
			);
			name = "MuscleTrainingCounter (iOS)";
			packageProductDependencies = (
				4B1280F927D5F129000890E2 /* SwiftUICharts */,
			);
			productName = "MuscleTrainingCounter (iOS)";
			productReference = 4BD50E6727D3B180000A5A4F /* MuscleTrainingCounter.app */;
			productType = "com.apple.product-type.application";
		};
		4BD50E6C27D3B180000A5A4F /* MuscleTrainingCounter (macOS) */ = {
			isa = PBXNativeTarget;
			buildConfigurationList = 4BD50E9327D3B180000A5A4F /* Build configuration list for PBXNativeTarget "MuscleTrainingCounter (macOS)" */;
			buildPhases = (
				6B2885BE51878BD98C084E5D /* [CP] Check Pods Manifest.lock */,
				4BD50E6927D3B180000A5A4F /* Sources */,
				4BD50E6A27D3B180000A5A4F /* Frameworks */,
				4BD50E6B27D3B180000A5A4F /* Resources */,
			);
			buildRules = (
			);
			dependencies = (
			);
			name = "MuscleTrainingCounter (macOS)";
			productName = "MuscleTrainingCounter (macOS)";
			productReference = 4BD50E6D27D3B180000A5A4F /* MuscleTrainingCounter.app */;
			productType = "com.apple.product-type.application";
		};
		4BD50E7327D3B180000A5A4F /* Tests iOS */ = {
			isa = PBXNativeTarget;
			buildConfigurationList = 4BD50E9627D3B180000A5A4F /* Build configuration list for PBXNativeTarget "Tests iOS" */;
			buildPhases = (
				4BD50E7027D3B180000A5A4F /* Sources */,
				4BD50E7127D3B180000A5A4F /* Frameworks */,
				4BD50E7227D3B180000A5A4F /* Resources */,
			);
			buildRules = (
			);
			dependencies = (
				4BD50E7627D3B180000A5A4F /* PBXTargetDependency */,
			);
			name = "Tests iOS";
			productName = "Tests iOS";
			productReference = 4BD50E7427D3B180000A5A4F /* Tests iOS.xctest */;
			productType = "com.apple.product-type.bundle.ui-testing";
		};
		4BD50E7F27D3B180000A5A4F /* Tests macOS */ = {
			isa = PBXNativeTarget;
			buildConfigurationList = 4BD50E9927D3B180000A5A4F /* Build configuration list for PBXNativeTarget "Tests macOS" */;
			buildPhases = (
				4BD50E7C27D3B180000A5A4F /* Sources */,
				4BD50E7D27D3B180000A5A4F /* Frameworks */,
				4BD50E7E27D3B180000A5A4F /* Resources */,
			);
			buildRules = (
			);
			dependencies = (
				4BD50E8227D3B180000A5A4F /* PBXTargetDependency */,
			);
			name = "Tests macOS";
			productName = "Tests macOS";
			productReference = 4BD50E8027D3B180000A5A4F /* Tests macOS.xctest */;
			productType = "com.apple.product-type.bundle.ui-testing";
		};
/* End PBXNativeTarget section */

/* Begin PBXProject section */
		4BD50E5B27D3B17D000A5A4F /* Project object */ = {
			isa = PBXProject;
			attributes = {
				BuildIndependentTargetsInParallel = 1;
				LastSwiftUpdateCheck = 1340;
				LastUpgradeCheck = 1340;
				TargetAttributes = {
					4B700F292862F91E00B941CC = {
						CreatedOnToolsVersion = 13.4.1;
						TestTargetID = 4BD50E6627D3B180000A5A4F;
					};
					4BA1D658286527D400600E87 = {
						CreatedOnToolsVersion = 13.4.1;
					};
					4BD50E6627D3B180000A5A4F = {
						CreatedOnToolsVersion = 13.2.1;
					};
					4BD50E6C27D3B180000A5A4F = {
						CreatedOnToolsVersion = 13.2.1;
					};
					4BD50E7327D3B180000A5A4F = {
						CreatedOnToolsVersion = 13.2.1;
						TestTargetID = 4BD50E6627D3B180000A5A4F;
					};
					4BD50E7F27D3B180000A5A4F = {
						CreatedOnToolsVersion = 13.2.1;
						TestTargetID = 4BD50E6C27D3B180000A5A4F;
					};
				};
			};
			buildConfigurationList = 4BD50E5E27D3B17D000A5A4F /* Build configuration list for PBXProject "MuscleTrainingCounter" */;
			compatibilityVersion = "Xcode 13.0";
			developmentRegion = en;
			hasScannedForEncodings = 0;
			knownRegions = (
				en,
				Base,
			);
			mainGroup = 4BD50E5A27D3B17D000A5A4F;
			packageReferences = (
				4B1280F827D5F129000890E2 /* XCRemoteSwiftPackageReference "ChartView" */,
			);
			productRefGroup = 4BD50E6827D3B180000A5A4F /* Products */;
			projectDirPath = "";
			projectRoot = "";
			targets = (
				4BD50E6627D3B180000A5A4F /* MuscleTrainingCounter (iOS) */,
				4BD50E6C27D3B180000A5A4F /* MuscleTrainingCounter (macOS) */,
				4BD50E7327D3B180000A5A4F /* Tests iOS */,
				4BD50E7F27D3B180000A5A4F /* Tests macOS */,
				4B700F292862F91E00B941CC /* MuscleTrainingCounterUITests */,
				4BA1D658286527D400600E87 /* MuscleTrainingCounterTests */,
			);
		};
/* End PBXProject section */

/* Begin PBXResourcesBuildPhase section */
		4B700F282862F91E00B941CC /* Resources */ = {
			isa = PBXResourcesBuildPhase;
			buildActionMask = 2147483647;
			files = (
			);
			runOnlyForDeploymentPostprocessing = 0;
		};
		4BA1D657286527D400600E87 /* Resources */ = {
			isa = PBXResourcesBuildPhase;
			buildActionMask = 2147483647;
			files = (
			);
			runOnlyForDeploymentPostprocessing = 0;
		};
		4BD50E6527D3B180000A5A4F /* Resources */ = {
			isa = PBXResourcesBuildPhase;
			buildActionMask = 2147483647;
			files = (
				4BD50E8C27D3B180000A5A4F /* Assets.xcassets in Resources */,
			);
			runOnlyForDeploymentPostprocessing = 0;
		};
		4BD50E6B27D3B180000A5A4F /* Resources */ = {
			isa = PBXResourcesBuildPhase;
			buildActionMask = 2147483647;
			files = (
				4BD50E8D27D3B180000A5A4F /* Assets.xcassets in Resources */,
			);
			runOnlyForDeploymentPostprocessing = 0;
		};
		4BD50E7227D3B180000A5A4F /* Resources */ = {
			isa = PBXResourcesBuildPhase;
			buildActionMask = 2147483647;
			files = (
			);
			runOnlyForDeploymentPostprocessing = 0;
		};
		4BD50E7E27D3B180000A5A4F /* Resources */ = {
			isa = PBXResourcesBuildPhase;
			buildActionMask = 2147483647;
			files = (
			);
			runOnlyForDeploymentPostprocessing = 0;
		};
/* End PBXResourcesBuildPhase section */

/* Begin PBXShellScriptBuildPhase section */
		6B2885BE51878BD98C084E5D /* [CP] Check Pods Manifest.lock */ = {
			isa = PBXShellScriptBuildPhase;
			buildActionMask = 2147483647;
			files = (
			);
			inputFileListPaths = (
			);
			inputPaths = (
				"${PODS_PODFILE_DIR_PATH}/Podfile.lock",
				"${PODS_ROOT}/Manifest.lock",
			);
			name = "[CP] Check Pods Manifest.lock";
			outputFileListPaths = (
			);
			outputPaths = (
				"$(DERIVED_FILE_DIR)/Pods-MuscleTrainingCounter (macOS)-checkManifestLockResult.txt",
			);
			runOnlyForDeploymentPostprocessing = 0;
			shellPath = /bin/sh;
			shellScript = "diff \"${PODS_PODFILE_DIR_PATH}/Podfile.lock\" \"${PODS_ROOT}/Manifest.lock\" > /dev/null\nif [ $? != 0 ] ; then\n    # print error to STDERR\n    echo \"error: The sandbox is not in sync with the Podfile.lock. Run 'pod install' or update your CocoaPods installation.\" >&2\n    exit 1\nfi\n# This output is used by Xcode 'outputs' to avoid re-running this script phase.\necho \"SUCCESS\" > \"${SCRIPT_OUTPUT_FILE_0}\"\n";
			showEnvVarsInLog = 0;
		};
		B69154868C668D6B0A022739 /* [CP] Embed Pods Frameworks */ = {
			isa = PBXShellScriptBuildPhase;
			buildActionMask = 2147483647;
			files = (
			);
			inputFileListPaths = (
				"${PODS_ROOT}/Target Support Files/Pods-MuscleTrainingCounter (iOS)/Pods-MuscleTrainingCounter (iOS)-frameworks-${CONFIGURATION}-input-files.xcfilelist",
			);
			name = "[CP] Embed Pods Frameworks";
			outputFileListPaths = (
				"${PODS_ROOT}/Target Support Files/Pods-MuscleTrainingCounter (iOS)/Pods-MuscleTrainingCounter (iOS)-frameworks-${CONFIGURATION}-output-files.xcfilelist",
			);
			runOnlyForDeploymentPostprocessing = 0;
			shellPath = /bin/sh;
			shellScript = "\"${PODS_ROOT}/Target Support Files/Pods-MuscleTrainingCounter (iOS)/Pods-MuscleTrainingCounter (iOS)-frameworks.sh\"\n";
			showEnvVarsInLog = 0;
		};
		E3E9AC8A9D87554F866550AF /* [CP] Check Pods Manifest.lock */ = {
			isa = PBXShellScriptBuildPhase;
			buildActionMask = 2147483647;
			files = (
			);
			inputFileListPaths = (
			);
			inputPaths = (
				"${PODS_PODFILE_DIR_PATH}/Podfile.lock",
				"${PODS_ROOT}/Manifest.lock",
			);
			name = "[CP] Check Pods Manifest.lock";
			outputFileListPaths = (
			);
			outputPaths = (
				"$(DERIVED_FILE_DIR)/Pods-MuscleTrainingCounter (iOS)-checkManifestLockResult.txt",
			);
			runOnlyForDeploymentPostprocessing = 0;
			shellPath = /bin/sh;
			shellScript = "diff \"${PODS_PODFILE_DIR_PATH}/Podfile.lock\" \"${PODS_ROOT}/Manifest.lock\" > /dev/null\nif [ $? != 0 ] ; then\n    # print error to STDERR\n    echo \"error: The sandbox is not in sync with the Podfile.lock. Run 'pod install' or update your CocoaPods installation.\" >&2\n    exit 1\nfi\n# This output is used by Xcode 'outputs' to avoid re-running this script phase.\necho \"SUCCESS\" > \"${SCRIPT_OUTPUT_FILE_0}\"\n";
			showEnvVarsInLog = 0;
		};
/* End PBXShellScriptBuildPhase section */

/* Begin PBXSourcesBuildPhase section */
		4B700F262862F91E00B941CC /* Sources */ = {
			isa = PBXSourcesBuildPhase;
			buildActionMask = 2147483647;
			files = (
				4B700F2F2862F91F00B941CC /* MuscleTrainingCounterUITestsLaunchTests.swift in Sources */,
				4B700F2D2862F91F00B941CC /* MuscleTrainingCounterUITests.swift in Sources */,
			);
			runOnlyForDeploymentPostprocessing = 0;
		};
		4BA1D655286527D400600E87 /* Sources */ = {
			isa = PBXSourcesBuildPhase;
			buildActionMask = 2147483647;
			files = (
				4BA1D65C286527D400600E87 /* MuscleTrainingCounterTests.swift in Sources */,
			);
			runOnlyForDeploymentPostprocessing = 0;
		};
		4BD50E6327D3B180000A5A4F /* Sources */ = {
			isa = PBXSourcesBuildPhase;
			buildActionMask = 2147483647;
			files = (
				4BD50E9D27D3B2D3000A5A4F /* SitUpsViewController.swift in Sources */,
				4BB2D10D2848965900E87ED7 /* SetUp.swift in Sources */,
				4BD50E8A27D3B180000A5A4F /* ContentView.swift in Sources */,
				4B8AC8262846EF69003E9783 /* PushUpsCounterModel.swift in Sources */,
				4B2FE2D327D8B86C007B77E6 /* AirpodsSettingTutorialView.swift in Sources */,
				4B508F8027D670C2007B1EA8 /* PushUpsViewController.swift in Sources */,
				4BB2D11028489B0000E87ED7 /* SumGraphViewModel.swift in Sources */,
				4B8AC8232844D2F8003E9783 /* SitUpsCounterModel.swift in Sources */,
				4BD50EA027D4A002000A5A4F /* SitUpsView.swift in Sources */,
				4B2FE2D027D8A432007B77E6 /* TutorialView.swift in Sources */,
				4BB2D1132848A8F700E87ED7 /* DotView.swift in Sources */,
				4BE3A47227F8383100C32B42 /* BannerAd.swift in Sources */,
				4B508F7D27D66C83007B1EA8 /* PushUpsView.swift in Sources */,
				4BD50E8827D3B180000A5A4F /* MuscleTrainingCounterApp.swift in Sources */,
				4BD50EA327D4A505000A5A4F /* SumGraphView.swift in Sources */,
				4B2FE2D627D8BD4D007B77E6 /* CompleteTutorialView.swift in Sources */,
			);
			runOnlyForDeploymentPostprocessing = 0;
		};
		4BD50E6927D3B180000A5A4F /* Sources */ = {
			isa = PBXSourcesBuildPhase;
			buildActionMask = 2147483647;
			files = (
				4BD50E9E27D3B2D3000A5A4F /* SitUpsViewController.swift in Sources */,
				4BB2D10E2848965900E87ED7 /* SetUp.swift in Sources */,
				4BD50E8B27D3B180000A5A4F /* ContentView.swift in Sources */,
				4B8AC8272846EF69003E9783 /* PushUpsCounterModel.swift in Sources */,
				4B2FE2D427D8B86C007B77E6 /* AirpodsSettingTutorialView.swift in Sources */,
				4B508F8127D670C2007B1EA8 /* PushUpsViewController.swift in Sources */,
				4BB2D11128489B0000E87ED7 /* SumGraphViewModel.swift in Sources */,
				4B8AC8242844D2F8003E9783 /* SitUpsCounterModel.swift in Sources */,
				4BD50EA127D4A002000A5A4F /* SitUpsView.swift in Sources */,
				4B2FE2D127D8A432007B77E6 /* TutorialView.swift in Sources */,
				4BB2D1142848A8F700E87ED7 /* DotView.swift in Sources */,
				4BE3A47327F8383100C32B42 /* BannerAd.swift in Sources */,
				4B508F7E27D66C83007B1EA8 /* PushUpsView.swift in Sources */,
				4BD50E8927D3B180000A5A4F /* MuscleTrainingCounterApp.swift in Sources */,
				4BD50EA427D4A505000A5A4F /* SumGraphView.swift in Sources */,
				4B2FE2D727D8BD4D007B77E6 /* CompleteTutorialView.swift in Sources */,
			);
			runOnlyForDeploymentPostprocessing = 0;
		};
		4BD50E7027D3B180000A5A4F /* Sources */ = {
			isa = PBXSourcesBuildPhase;
			buildActionMask = 2147483647;
			files = (
				4BA1D654286526CF00600E87 /* Tests_iOSLaunchTests.swift in Sources */,
				4BD50E7927D3B180000A5A4F /* Tests_iOS.swift in Sources */,
			);
			runOnlyForDeploymentPostprocessing = 0;
		};
		4BD50E7C27D3B180000A5A4F /* Sources */ = {
			isa = PBXSourcesBuildPhase;
			buildActionMask = 2147483647;
			files = (
				4BD50E8727D3B180000A5A4F /* Tests_macOSLaunchTests.swift in Sources */,
				4BD50E8527D3B180000A5A4F /* Tests_macOS.swift in Sources */,
			);
			runOnlyForDeploymentPostprocessing = 0;
		};
/* End PBXSourcesBuildPhase section */

/* Begin PBXTargetDependency section */
		4B700F312862F91F00B941CC /* PBXTargetDependency */ = {
			isa = PBXTargetDependency;
			target = 4BD50E6627D3B180000A5A4F /* MuscleTrainingCounter (iOS) */;
			targetProxy = 4B700F302862F91F00B941CC /* PBXContainerItemProxy */;
		};
		4BA1D65E286527D400600E87 /* PBXTargetDependency */ = {
			isa = PBXTargetDependency;
			target = 4BD50E6627D3B180000A5A4F /* MuscleTrainingCounter (iOS) */;
			targetProxy = 4BA1D65D286527D400600E87 /* PBXContainerItemProxy */;
		};
		4BA1D671286528D400600E87 /* PBXTargetDependency */ = {
			isa = PBXTargetDependency;
			target = 4BD50E6C27D3B180000A5A4F /* MuscleTrainingCounter (macOS) */;
			targetProxy = 4BA1D670286528D400600E87 /* PBXContainerItemProxy */;
		};
		4BD50E7627D3B180000A5A4F /* PBXTargetDependency */ = {
			isa = PBXTargetDependency;
			target = 4BD50E6627D3B180000A5A4F /* MuscleTrainingCounter (iOS) */;
			targetProxy = 4BD50E7527D3B180000A5A4F /* PBXContainerItemProxy */;
		};
		4BD50E8227D3B180000A5A4F /* PBXTargetDependency */ = {
			isa = PBXTargetDependency;
			target = 4BD50E6C27D3B180000A5A4F /* MuscleTrainingCounter (macOS) */;
			targetProxy = 4BD50E8127D3B180000A5A4F /* PBXContainerItemProxy */;
		};
/* End PBXTargetDependency section */

/* Begin XCBuildConfiguration section */
		4B700F332862F91F00B941CC /* Debug */ = {
			isa = XCBuildConfiguration;
			buildSettings = {
				CODE_SIGN_STYLE = Automatic;
				CURRENT_PROJECT_VERSION = 1;
				DEVELOPMENT_TEAM = 2NGCBTHK5K;
				GENERATE_INFOPLIST_FILE = YES;
				IPHONEOS_DEPLOYMENT_TARGET = 15.5;
				MARKETING_VERSION = 1.0;
				PRODUCT_BUNDLE_IDENTIFIER = kanbe1365.MuscleTrainingCounterUITests;
				PRODUCT_NAME = "$(TARGET_NAME)";
				SDKROOT = iphoneos;
				SWIFT_EMIT_LOC_STRINGS = NO;
				SWIFT_VERSION = 5.0;
				TARGETED_DEVICE_FAMILY = "1,2";
				TEST_TARGET_NAME = "MuscleTrainingCounter (iOS)";
			};
			name = Debug;
		};
		4B700F342862F91F00B941CC /* Release */ = {
			isa = XCBuildConfiguration;
			buildSettings = {
				CODE_SIGN_STYLE = Automatic;
				CURRENT_PROJECT_VERSION = 1;
				DEVELOPMENT_TEAM = 2NGCBTHK5K;
				GENERATE_INFOPLIST_FILE = YES;
				IPHONEOS_DEPLOYMENT_TARGET = 15.5;
				MARKETING_VERSION = 1.0;
				PRODUCT_BUNDLE_IDENTIFIER = kanbe1365.MuscleTrainingCounterUITests;
				PRODUCT_NAME = "$(TARGET_NAME)";
				SDKROOT = iphoneos;
				SWIFT_EMIT_LOC_STRINGS = NO;
				SWIFT_VERSION = 5.0;
				TARGETED_DEVICE_FAMILY = "1,2";
				TEST_TARGET_NAME = "MuscleTrainingCounter (iOS)";
				VALIDATE_PRODUCT = YES;
			};
			name = Release;
		};
		4BA1D660286527D400600E87 /* Debug */ = {
			isa = XCBuildConfiguration;
			buildSettings = {
				CODE_SIGN_STYLE = Automatic;
				CURRENT_PROJECT_VERSION = 1;
				DEVELOPMENT_TEAM = 2NGCBTHK5K;
				GENERATE_INFOPLIST_FILE = YES;
				IPHONEOS_DEPLOYMENT_TARGET = 15.5;
				MARKETING_VERSION = 1.0;
				PRODUCT_BUNDLE_IDENTIFIER = kanbe1365.MuscleTrainingCounterTests;
				PRODUCT_NAME = "$(TARGET_NAME)";
				SDKROOT = iphoneos;
				SWIFT_EMIT_LOC_STRINGS = NO;
				SWIFT_VERSION = 5.0;
				TARGETED_DEVICE_FAMILY = "1,2";
			};
			name = Debug;
		};
		4BA1D661286527D400600E87 /* Release */ = {
			isa = XCBuildConfiguration;
			buildSettings = {
				CODE_SIGN_STYLE = Automatic;
				CURRENT_PROJECT_VERSION = 1;
				DEVELOPMENT_TEAM = 2NGCBTHK5K;
				GENERATE_INFOPLIST_FILE = YES;
				IPHONEOS_DEPLOYMENT_TARGET = 15.5;
				MARKETING_VERSION = 1.0;
				PRODUCT_BUNDLE_IDENTIFIER = kanbe1365.MuscleTrainingCounterTests;
				PRODUCT_NAME = "$(TARGET_NAME)";
				SDKROOT = iphoneos;
				SWIFT_EMIT_LOC_STRINGS = NO;
				SWIFT_VERSION = 5.0;
				TARGETED_DEVICE_FAMILY = "1,2";
				VALIDATE_PRODUCT = YES;
			};
			name = Release;
		};
		4BD50E8E27D3B180000A5A4F /* Debug */ = {
			isa = XCBuildConfiguration;
			buildSettings = {
				ALWAYS_SEARCH_USER_PATHS = NO;
				CLANG_ANALYZER_NONNULL = YES;
				CLANG_ANALYZER_NUMBER_OBJECT_CONVERSION = YES_AGGRESSIVE;
				CLANG_CXX_LANGUAGE_STANDARD = "gnu++17";
				CLANG_CXX_LIBRARY = "libc++";
				CLANG_ENABLE_MODULES = YES;
				CLANG_ENABLE_OBJC_ARC = YES;
				CLANG_ENABLE_OBJC_WEAK = YES;
				CLANG_WARN_BLOCK_CAPTURE_AUTORELEASING = YES;
				CLANG_WARN_BOOL_CONVERSION = YES;
				CLANG_WARN_COMMA = YES;
				CLANG_WARN_CONSTANT_CONVERSION = YES;
				CLANG_WARN_DEPRECATED_OBJC_IMPLEMENTATIONS = YES;
				CLANG_WARN_DIRECT_OBJC_ISA_USAGE = YES_ERROR;
				CLANG_WARN_DOCUMENTATION_COMMENTS = YES;
				CLANG_WARN_EMPTY_BODY = YES;
				CLANG_WARN_ENUM_CONVERSION = YES;
				CLANG_WARN_INFINITE_RECURSION = YES;
				CLANG_WARN_INT_CONVERSION = YES;
				CLANG_WARN_NON_LITERAL_NULL_CONVERSION = YES;
				CLANG_WARN_OBJC_IMPLICIT_RETAIN_SELF = YES;
				CLANG_WARN_OBJC_LITERAL_CONVERSION = YES;
				CLANG_WARN_OBJC_ROOT_CLASS = YES_ERROR;
				CLANG_WARN_QUOTED_INCLUDE_IN_FRAMEWORK_HEADER = YES;
				CLANG_WARN_RANGE_LOOP_ANALYSIS = YES;
				CLANG_WARN_STRICT_PROTOTYPES = YES;
				CLANG_WARN_SUSPICIOUS_MOVE = YES;
				CLANG_WARN_UNGUARDED_AVAILABILITY = YES_AGGRESSIVE;
				CLANG_WARN_UNREACHABLE_CODE = YES;
				CLANG_WARN__DUPLICATE_METHOD_MATCH = YES;
				COPY_PHASE_STRIP = NO;
				DEBUG_INFORMATION_FORMAT = dwarf;
				ENABLE_STRICT_OBJC_MSGSEND = YES;
				ENABLE_TESTABILITY = YES;
				GCC_C_LANGUAGE_STANDARD = gnu11;
				GCC_DYNAMIC_NO_PIC = NO;
				GCC_NO_COMMON_BLOCKS = YES;
				GCC_OPTIMIZATION_LEVEL = 0;
				GCC_PREPROCESSOR_DEFINITIONS = (
					"DEBUG=1",
					"$(inherited)",
				);
				GCC_WARN_64_TO_32_BIT_CONVERSION = YES;
				GCC_WARN_ABOUT_RETURN_TYPE = YES_ERROR;
				GCC_WARN_UNDECLARED_SELECTOR = YES;
				GCC_WARN_UNINITIALIZED_AUTOS = YES_AGGRESSIVE;
				GCC_WARN_UNUSED_FUNCTION = YES;
				GCC_WARN_UNUSED_VARIABLE = YES;
				MTL_ENABLE_DEBUG_INFO = INCLUDE_SOURCE;
				MTL_FAST_MATH = YES;
				ONLY_ACTIVE_ARCH = YES;
				SWIFT_ACTIVE_COMPILATION_CONDITIONS = DEBUG;
				SWIFT_OPTIMIZATION_LEVEL = "-Onone";
			};
			name = Debug;
		};
		4BD50E8F27D3B180000A5A4F /* Release */ = {
			isa = XCBuildConfiguration;
			buildSettings = {
				ALWAYS_SEARCH_USER_PATHS = NO;
				CLANG_ANALYZER_NONNULL = YES;
				CLANG_ANALYZER_NUMBER_OBJECT_CONVERSION = YES_AGGRESSIVE;
				CLANG_CXX_LANGUAGE_STANDARD = "gnu++17";
				CLANG_CXX_LIBRARY = "libc++";
				CLANG_ENABLE_MODULES = YES;
				CLANG_ENABLE_OBJC_ARC = YES;
				CLANG_ENABLE_OBJC_WEAK = YES;
				CLANG_WARN_BLOCK_CAPTURE_AUTORELEASING = YES;
				CLANG_WARN_BOOL_CONVERSION = YES;
				CLANG_WARN_COMMA = YES;
				CLANG_WARN_CONSTANT_CONVERSION = YES;
				CLANG_WARN_DEPRECATED_OBJC_IMPLEMENTATIONS = YES;
				CLANG_WARN_DIRECT_OBJC_ISA_USAGE = YES_ERROR;
				CLANG_WARN_DOCUMENTATION_COMMENTS = YES;
				CLANG_WARN_EMPTY_BODY = YES;
				CLANG_WARN_ENUM_CONVERSION = YES;
				CLANG_WARN_INFINITE_RECURSION = YES;
				CLANG_WARN_INT_CONVERSION = YES;
				CLANG_WARN_NON_LITERAL_NULL_CONVERSION = YES;
				CLANG_WARN_OBJC_IMPLICIT_RETAIN_SELF = YES;
				CLANG_WARN_OBJC_LITERAL_CONVERSION = YES;
				CLANG_WARN_OBJC_ROOT_CLASS = YES_ERROR;
				CLANG_WARN_QUOTED_INCLUDE_IN_FRAMEWORK_HEADER = YES;
				CLANG_WARN_RANGE_LOOP_ANALYSIS = YES;
				CLANG_WARN_STRICT_PROTOTYPES = YES;
				CLANG_WARN_SUSPICIOUS_MOVE = YES;
				CLANG_WARN_UNGUARDED_AVAILABILITY = YES_AGGRESSIVE;
				CLANG_WARN_UNREACHABLE_CODE = YES;
				CLANG_WARN__DUPLICATE_METHOD_MATCH = YES;
				COPY_PHASE_STRIP = NO;
				DEBUG_INFORMATION_FORMAT = "dwarf-with-dsym";
				ENABLE_NS_ASSERTIONS = NO;
				ENABLE_STRICT_OBJC_MSGSEND = YES;
				GCC_C_LANGUAGE_STANDARD = gnu11;
				GCC_NO_COMMON_BLOCKS = YES;
				GCC_WARN_64_TO_32_BIT_CONVERSION = YES;
				GCC_WARN_ABOUT_RETURN_TYPE = YES_ERROR;
				GCC_WARN_UNDECLARED_SELECTOR = YES;
				GCC_WARN_UNINITIALIZED_AUTOS = YES_AGGRESSIVE;
				GCC_WARN_UNUSED_FUNCTION = YES;
				GCC_WARN_UNUSED_VARIABLE = YES;
				MTL_ENABLE_DEBUG_INFO = NO;
				MTL_FAST_MATH = YES;
				SWIFT_COMPILATION_MODE = wholemodule;
				SWIFT_OPTIMIZATION_LEVEL = "-O";
			};
			name = Release;
		};
		4BD50E9127D3B180000A5A4F /* Debug */ = {
			isa = XCBuildConfiguration;
			baseConfigurationReference = 20F2CFEBC7C3C22837C0A680 /* Pods-MuscleTrainingCounter (iOS).debug.xcconfig */;
			buildSettings = {
				ASSETCATALOG_COMPILER_APPICON_NAME = AppIcon;
				ASSETCATALOG_COMPILER_GLOBAL_ACCENT_COLOR_NAME = AccentColor;
				CODE_SIGN_STYLE = Automatic;
				CURRENT_PROJECT_VERSION = 1;
				DEVELOPMENT_TEAM = 2NGCBTHK5K;
				ENABLE_PREVIEWS = YES;
				GENERATE_INFOPLIST_FILE = YES;
				INFOPLIST_FILE = "MuscleTrainingCounter--iOS--Info.plist";
				INFOPLIST_KEY_NSMotionUsageDescription = "Get accelaration data by Airpods";
				INFOPLIST_KEY_NSUserTrackingUsageDescription = AppTrackingTransparencyRequest;
				INFOPLIST_KEY_UIApplicationSceneManifest_Generation = YES;
				INFOPLIST_KEY_UIApplicationSupportsIndirectInputEvents = YES;
				INFOPLIST_KEY_UILaunchScreen_Generation = YES;
				INFOPLIST_KEY_UISupportedInterfaceOrientations_iPad = "UIInterfaceOrientationPortrait UIInterfaceOrientationPortraitUpsideDown UIInterfaceOrientationLandscapeLeft UIInterfaceOrientationLandscapeRight";
				INFOPLIST_KEY_UISupportedInterfaceOrientations_iPhone = "UIInterfaceOrientationPortrait UIInterfaceOrientationLandscapeLeft UIInterfaceOrientationLandscapeRight";
				IPHONEOS_DEPLOYMENT_TARGET = 14.0;
				LD_RUNPATH_SEARCH_PATHS = (
					"$(inherited)",
					"@executable_path/Frameworks",
				);
				MARKETING_VERSION = 1.1;
				PRODUCT_BUNDLE_IDENTIFIER = kanbe1365.MuscleTrainingCounter;
				PRODUCT_NAME = MuscleTrainingCounter;
				SDKROOT = iphoneos;
				SWIFT_EMIT_LOC_STRINGS = YES;
				SWIFT_VERSION = 5.0;
				TARGETED_DEVICE_FAMILY = "1,2";
			};
			name = Debug;
		};
		4BD50E9227D3B180000A5A4F /* Release */ = {
			isa = XCBuildConfiguration;
			baseConfigurationReference = B22B4207655C4258948D173A /* Pods-MuscleTrainingCounter (iOS).release.xcconfig */;
			buildSettings = {
				ASSETCATALOG_COMPILER_APPICON_NAME = AppIcon;
				ASSETCATALOG_COMPILER_GLOBAL_ACCENT_COLOR_NAME = AccentColor;
				CODE_SIGN_STYLE = Automatic;
				CURRENT_PROJECT_VERSION = 1;
				DEVELOPMENT_TEAM = 2NGCBTHK5K;
				ENABLE_PREVIEWS = YES;
				GENERATE_INFOPLIST_FILE = YES;
				INFOPLIST_FILE = "MuscleTrainingCounter--iOS--Info.plist";
				INFOPLIST_KEY_NSMotionUsageDescription = "Get accelaration data by Airpods";
				INFOPLIST_KEY_NSUserTrackingUsageDescription = AppTrackingTransparencyRequest;
				INFOPLIST_KEY_UIApplicationSceneManifest_Generation = YES;
				INFOPLIST_KEY_UIApplicationSupportsIndirectInputEvents = YES;
				INFOPLIST_KEY_UILaunchScreen_Generation = YES;
				INFOPLIST_KEY_UISupportedInterfaceOrientations_iPad = "UIInterfaceOrientationPortrait UIInterfaceOrientationPortraitUpsideDown UIInterfaceOrientationLandscapeLeft UIInterfaceOrientationLandscapeRight";
				INFOPLIST_KEY_UISupportedInterfaceOrientations_iPhone = "UIInterfaceOrientationPortrait UIInterfaceOrientationLandscapeLeft UIInterfaceOrientationLandscapeRight";
				IPHONEOS_DEPLOYMENT_TARGET = 14.0;
				LD_RUNPATH_SEARCH_PATHS = (
					"$(inherited)",
					"@executable_path/Frameworks",
				);
				MARKETING_VERSION = 1.1;
				PRODUCT_BUNDLE_IDENTIFIER = kanbe1365.MuscleTrainingCounter;
				PRODUCT_NAME = MuscleTrainingCounter;
				SDKROOT = iphoneos;
				SWIFT_EMIT_LOC_STRINGS = YES;
				SWIFT_VERSION = 5.0;
				TARGETED_DEVICE_FAMILY = "1,2";
				VALIDATE_PRODUCT = YES;
			};
			name = Release;
		};
		4BD50E9427D3B180000A5A4F /* Debug */ = {
			isa = XCBuildConfiguration;
			baseConfigurationReference = D25792CA8FB6DB130D2EA36F /* Pods-MuscleTrainingCounter (macOS).debug.xcconfig */;
			buildSettings = {
				ASSETCATALOG_COMPILER_APPICON_NAME = AppIcon;
				ASSETCATALOG_COMPILER_GLOBAL_ACCENT_COLOR_NAME = AccentColor;
				CODE_SIGN_ENTITLEMENTS = macOS/macOS.entitlements;
				CODE_SIGN_IDENTITY = "-";
				CODE_SIGN_STYLE = Automatic;
				COMBINE_HIDPI_IMAGES = YES;
				CURRENT_PROJECT_VERSION = 1;
				DEVELOPMENT_TEAM = 2NGCBTHK5K;
				ENABLE_HARDENED_RUNTIME = YES;
				ENABLE_PREVIEWS = YES;
				GENERATE_INFOPLIST_FILE = YES;
				INFOPLIST_KEY_NSHumanReadableCopyright = "";
				LD_RUNPATH_SEARCH_PATHS = (
					"$(inherited)",
					"@executable_path/../Frameworks",
				);
				MACOSX_DEPLOYMENT_TARGET = 11.6;
				MARKETING_VERSION = 1.0;
				PRODUCT_BUNDLE_IDENTIFIER = kanbe1365.MuscleTrainingCounter;
				PRODUCT_NAME = MuscleTrainingCounter;
				SDKROOT = macosx;
				SWIFT_EMIT_LOC_STRINGS = YES;
				SWIFT_VERSION = 5.0;
			};
			name = Debug;
		};
		4BD50E9527D3B180000A5A4F /* Release */ = {
			isa = XCBuildConfiguration;
			baseConfigurationReference = B1C399156F0EB9D3D413E00E /* Pods-MuscleTrainingCounter (macOS).release.xcconfig */;
			buildSettings = {
				ASSETCATALOG_COMPILER_APPICON_NAME = AppIcon;
				ASSETCATALOG_COMPILER_GLOBAL_ACCENT_COLOR_NAME = AccentColor;
				CODE_SIGN_ENTITLEMENTS = macOS/macOS.entitlements;
				CODE_SIGN_IDENTITY = "-";
				CODE_SIGN_STYLE = Automatic;
				COMBINE_HIDPI_IMAGES = YES;
				CURRENT_PROJECT_VERSION = 1;
				DEVELOPMENT_TEAM = 2NGCBTHK5K;
				ENABLE_HARDENED_RUNTIME = YES;
				ENABLE_PREVIEWS = YES;
				GENERATE_INFOPLIST_FILE = YES;
				INFOPLIST_KEY_NSHumanReadableCopyright = "";
				LD_RUNPATH_SEARCH_PATHS = (
					"$(inherited)",
					"@executable_path/../Frameworks",
				);
				MACOSX_DEPLOYMENT_TARGET = 11.6;
				MARKETING_VERSION = 1.0;
				PRODUCT_BUNDLE_IDENTIFIER = kanbe1365.MuscleTrainingCounter;
				PRODUCT_NAME = MuscleTrainingCounter;
				SDKROOT = macosx;
				SWIFT_EMIT_LOC_STRINGS = YES;
				SWIFT_VERSION = 5.0;
			};
			name = Release;
		};
		4BD50E9727D3B180000A5A4F /* Debug */ = {
			isa = XCBuildConfiguration;
			buildSettings = {
				ALWAYS_EMBED_SWIFT_STANDARD_LIBRARIES = YES;
				CODE_SIGN_STYLE = Automatic;
				CURRENT_PROJECT_VERSION = 1;
				DEVELOPMENT_TEAM = 2NGCBTHK5K;
				GENERATE_INFOPLIST_FILE = YES;
				IPHONEOS_DEPLOYMENT_TARGET = 15.2;
				MARKETING_VERSION = 1.0;
				PRODUCT_BUNDLE_IDENTIFIER = "kanbe1365.Tests-iOS";
				PRODUCT_NAME = "$(TARGET_NAME)";
				SDKROOT = iphoneos;
				SWIFT_EMIT_LOC_STRINGS = NO;
				SWIFT_VERSION = 5.0;
				TARGETED_DEVICE_FAMILY = "1,2";
				TEST_TARGET_NAME = "MuscleTrainingCounter (iOS)";
			};
			name = Debug;
		};
		4BD50E9827D3B180000A5A4F /* Release */ = {
			isa = XCBuildConfiguration;
			buildSettings = {
				ALWAYS_EMBED_SWIFT_STANDARD_LIBRARIES = YES;
				CODE_SIGN_STYLE = Automatic;
				CURRENT_PROJECT_VERSION = 1;
				DEVELOPMENT_TEAM = 2NGCBTHK5K;
				GENERATE_INFOPLIST_FILE = YES;
				IPHONEOS_DEPLOYMENT_TARGET = 15.2;
				MARKETING_VERSION = 1.0;
				PRODUCT_BUNDLE_IDENTIFIER = "kanbe1365.Tests-iOS";
				PRODUCT_NAME = "$(TARGET_NAME)";
				SDKROOT = iphoneos;
				SWIFT_EMIT_LOC_STRINGS = NO;
				SWIFT_VERSION = 5.0;
				TARGETED_DEVICE_FAMILY = "1,2";
				TEST_TARGET_NAME = "MuscleTrainingCounter (iOS)";
				VALIDATE_PRODUCT = YES;
			};
			name = Release;
		};
		4BD50E9A27D3B180000A5A4F /* Debug */ = {
			isa = XCBuildConfiguration;
			buildSettings = {
				ALWAYS_EMBED_SWIFT_STANDARD_LIBRARIES = YES;
				CODE_SIGN_STYLE = Automatic;
				CURRENT_PROJECT_VERSION = 1;
				DEVELOPMENT_TEAM = 2NGCBTHK5K;
				GENERATE_INFOPLIST_FILE = YES;
				MACOSX_DEPLOYMENT_TARGET = 11.6;
				MARKETING_VERSION = 1.0;
				PRODUCT_BUNDLE_IDENTIFIER = "kanbe1365.Tests-macOS";
				PRODUCT_NAME = "$(TARGET_NAME)";
				SDKROOT = macosx;
				SWIFT_EMIT_LOC_STRINGS = NO;
				SWIFT_VERSION = 5.0;
				TEST_TARGET_NAME = "MuscleTrainingCounter (macOS)";
			};
			name = Debug;
		};
		4BD50E9B27D3B180000A5A4F /* Release */ = {
			isa = XCBuildConfiguration;
			buildSettings = {
				ALWAYS_EMBED_SWIFT_STANDARD_LIBRARIES = YES;
				CODE_SIGN_STYLE = Automatic;
				CURRENT_PROJECT_VERSION = 1;
				DEVELOPMENT_TEAM = 2NGCBTHK5K;
				GENERATE_INFOPLIST_FILE = YES;
				MACOSX_DEPLOYMENT_TARGET = 11.6;
				MARKETING_VERSION = 1.0;
				PRODUCT_BUNDLE_IDENTIFIER = "kanbe1365.Tests-macOS";
				PRODUCT_NAME = "$(TARGET_NAME)";
				SDKROOT = macosx;
				SWIFT_EMIT_LOC_STRINGS = NO;
				SWIFT_VERSION = 5.0;
				TEST_TARGET_NAME = "MuscleTrainingCounter (macOS)";
			};
			name = Release;
		};
/* End XCBuildConfiguration section */

/* Begin XCConfigurationList section */
		4B700F322862F91F00B941CC /* Build configuration list for PBXNativeTarget "MuscleTrainingCounterUITests" */ = {
			isa = XCConfigurationList;
			buildConfigurations = (
				4B700F332862F91F00B941CC /* Debug */,
				4B700F342862F91F00B941CC /* Release */,
			);
			defaultConfigurationIsVisible = 0;
			defaultConfigurationName = Release;
		};
		4BA1D65F286527D400600E87 /* Build configuration list for PBXNativeTarget "MuscleTrainingCounterTests" */ = {
			isa = XCConfigurationList;
			buildConfigurations = (
				4BA1D660286527D400600E87 /* Debug */,
				4BA1D661286527D400600E87 /* Release */,
			);
			defaultConfigurationIsVisible = 0;
			defaultConfigurationName = Release;
		};
		4BD50E5E27D3B17D000A5A4F /* Build configuration list for PBXProject "MuscleTrainingCounter" */ = {
			isa = XCConfigurationList;
			buildConfigurations = (
				4BD50E8E27D3B180000A5A4F /* Debug */,
				4BD50E8F27D3B180000A5A4F /* Release */,
			);
			defaultConfigurationIsVisible = 0;
			defaultConfigurationName = Release;
		};
		4BD50E9027D3B180000A5A4F /* Build configuration list for PBXNativeTarget "MuscleTrainingCounter (iOS)" */ = {
			isa = XCConfigurationList;
			buildConfigurations = (
				4BD50E9127D3B180000A5A4F /* Debug */,
				4BD50E9227D3B180000A5A4F /* Release */,
			);
			defaultConfigurationIsVisible = 0;
			defaultConfigurationName = Release;
		};
		4BD50E9327D3B180000A5A4F /* Build configuration list for PBXNativeTarget "MuscleTrainingCounter (macOS)" */ = {
			isa = XCConfigurationList;
			buildConfigurations = (
				4BD50E9427D3B180000A5A4F /* Debug */,
				4BD50E9527D3B180000A5A4F /* Release */,
			);
			defaultConfigurationIsVisible = 0;
			defaultConfigurationName = Release;
		};
		4BD50E9627D3B180000A5A4F /* Build configuration list for PBXNativeTarget "Tests iOS" */ = {
			isa = XCConfigurationList;
			buildConfigurations = (
				4BD50E9727D3B180000A5A4F /* Debug */,
				4BD50E9827D3B180000A5A4F /* Release */,
			);
			defaultConfigurationIsVisible = 0;
			defaultConfigurationName = Release;
		};
		4BD50E9927D3B180000A5A4F /* Build configuration list for PBXNativeTarget "Tests macOS" */ = {
			isa = XCConfigurationList;
			buildConfigurations = (
				4BD50E9A27D3B180000A5A4F /* Debug */,
				4BD50E9B27D3B180000A5A4F /* Release */,
			);
			defaultConfigurationIsVisible = 0;
			defaultConfigurationName = Release;
		};
/* End XCConfigurationList section */

/* Begin XCRemoteSwiftPackageReference section */
		4B1280F827D5F129000890E2 /* XCRemoteSwiftPackageReference "ChartView" */ = {
			isa = XCRemoteSwiftPackageReference;
			repositoryURL = "https://github.com/AppPear/ChartView";
			requirement = {
				kind = upToNextMajorVersion;
				minimumVersion = 1.0.0;
			};
		};
/* End XCRemoteSwiftPackageReference section */

/* Begin XCSwiftPackageProductDependency section */
		4B1280F927D5F129000890E2 /* SwiftUICharts */ = {
			isa = XCSwiftPackageProductDependency;
			package = 4B1280F827D5F129000890E2 /* XCRemoteSwiftPackageReference "ChartView" */;
			productName = SwiftUICharts;
		};
/* End XCSwiftPackageProductDependency section */
	};
	rootObject = 4BD50E5B27D3B17D000A5A4F /* Project object */;
}
